
Microsoft Visual Studio Solution File, Format Version 12.00
# Visual Studio 15
VisualStudioVersion = 15.0.27130.2010
MinimumVisualStudioVersion = 10.0.40219.1
Project("{FAE04EC0-301F-11D3-BF4B-00C04F79EFBC}") = "DriverVehicleMOQ", "DriverVehicleMOQ\DriverVehicleMOQ.csproj", "{35BCF8AA-B09D-4A09-A6C3-FE7F246259DB}"
EndProject
Project("{FAE04EC0-301F-11D3-BF4B-00C04F79EFBC}") = "DriverVehilcleMOQTest", "DriverVehilcleMOQTest\DriverVehilcleMOQTest.csproj", "{0F2D58CB-6286-416D-92EE-5B3D83E655F6}"
EndProject
Global
	GlobalSection(SolutionConfigurationPlatforms) = preSolution
		Debug|Any CPU = Debug|Any CPU
		Release|Any CPU = Release|Any CPU
	EndGlobalSection
	GlobalSection(ProjectConfigurationPlatforms) = postSolution
		{35BCF8AA-B09D-4A09-A6C3-FE7F246259DB}.Debug|Any CPU.ActiveCfg = Debug|Any CPU
		{35BCF8AA-B09D-4A09-A6C3-FE7F246259DB}.Debug|Any CPU.Build.0 = Debug|Any CPU
		{35BCF8AA-B09D-4A09-A6C3-FE7F246259DB}.Release|Any CPU.ActiveCfg = Release|Any CPU
		{35BCF8AA-B09D-4A09-A6C3-FE7F246259DB}.Release|Any CPU.Build.0 = Release|Any CPU
		{0F2D58CB-6286-416D-92EE-5B3D83E655F6}.Debug|Any CPU.ActiveCfg = Debug|Any CPU
		{0F2D58CB-6286-416D-92EE-5B3D83E655F6}.Debug|Any CPU.Build.0 = Debug|Any CPU
		{0F2D58CB-6286-416D-92EE-5B3D83E655F6}.Release|Any CPU.ActiveCfg = Release|Any CPU
		{0F2D58CB-6286-416D-92EE-5B3D83E655F6}.Release|Any CPU.Build.0 = Release|Any CPU
	EndGlobalSection
	GlobalSection(SolutionProperties) = preSolution
		HideSolutionNode = FALSE
	EndGlobalSection
	GlobalSection(ExtensibilityGlobals) = postSolution
		SolutionGuid = {A2CB65C5-CD61-488B-92AB-81F676A0C342}
	EndGlobalSection
EndGlobal
